# This file is automatically @generated by Cargo.
# It is not intended for manual editing.
version = 4

[[package]]
name = "connectord"
version = "0.1.0"
dependencies = [
 "zl-proto",
 "zl-router",
]

[[package]]
name = "zl-cli"
version = "0.1.0"

[[package]]
name = "zl-ffi"
version = "0.1.0"
dependencies = [
 "zl-proto",
 "zl-router",
]

[[package]]
name = "zl-ipc"
version = "0.1.0"

[[package]]
name = "zl-metrics"
version = "0.1.0"

[[package]]
name = "zl-proto"
version = "0.1.0"

[[package]]
name = "zl-router"
version = "0.1.0"
dependencies = [
 "zl-proto",
]

[[package]]
name = "zl-shm"
version = "0.1.0"
